
Microsoft Visual Studio Solution File, Format Version 11.00
# Visual Studio 2010
Project("{FAE04EC0-301F-11D3-BF4B-00C04F79EFBC}") = "WP7PanoramaWithCaliburnMicro", "WP7App\WP7App.csproj", "{B981A8BB-58FF-4217-8C4D-43B59D920FD3}"
EndProject
Project("{FAE04EC0-301F-11D3-BF4B-00C04F79EFBC}") = "WP7PanoramaWithCaliburnMicroVSIX", "WP7PanoramaWithCaliburnMicroVSIX\WP7PanoramaWithCaliburnMicroVSIX.csproj", "{3AFC354B-80ED-449B-B86F-4838EEE9DC29}"
EndProject
Global
	GlobalSection(SolutionConfigurationPlatforms) = preSolution
		Debug|Any CPU = Debug|Any CPU
		Release|Any CPU = Release|Any CPU
	EndGlobalSection
	GlobalSection(ProjectConfigurationPlatforms) = postSolution
		{B981A8BB-58FF-4217-8C4D-43B59D920FD3}.Debug|Any CPU.ActiveCfg = Debug|Any CPU
		{B981A8BB-58FF-4217-8C4D-43B59D920FD3}.Debug|Any CPU.Build.0 = Debug|Any CPU
		{B981A8BB-58FF-4217-8C4D-43B59D920FD3}.Debug|Any CPU.Deploy.0 = Debug|Any CPU
		{B981A8BB-58FF-4217-8C4D-43B59D920FD3}.Release|Any CPU.ActiveCfg = Release|Any CPU
		{B981A8BB-58FF-4217-8C4D-43B59D920FD3}.Release|Any CPU.Build.0 = Release|Any CPU
		{B981A8BB-58FF-4217-8C4D-43B59D920FD3}.Release|Any CPU.Deploy.0 = Release|Any CPU
		{3AFC354B-80ED-449B-B86F-4838EEE9DC29}.Debug|Any CPU.ActiveCfg = Debug|Any CPU
		{3AFC354B-80ED-449B-B86F-4838EEE9DC29}.Debug|Any CPU.Build.0 = Debug|Any CPU
		{3AFC354B-80ED-449B-B86F-4838EEE9DC29}.Release|Any CPU.ActiveCfg = Release|Any CPU
		{3AFC354B-80ED-449B-B86F-4838EEE9DC29}.Release|Any CPU.Build.0 = Release|Any CPU
	EndGlobalSection
	GlobalSection(SolutionProperties) = preSolution
		HideSolutionNode = FALSE
	EndGlobalSection
EndGlobal
